
Microsoft Visual Studio Solution File, Format Version 12.00
# Visual Studio Version 17
VisualStudioVersion = 17.12.35514.174
MinimumVisualStudioVersion = 10.0.40219.1
Project("{FAE04EC0-301F-11D3-BF4B-00C04F79EFBC}") = "HabitTracker.Core", "HabitTracker.Core\HabitTracker.Core.csproj", "{295EB0BF-9080-4216-B073-2870C7772291}"
EndProject
Project("{2150E333-8FDC-42A3-9474-1A3956D46DE8}") = "src", "src", "{F952EEC9-AE69-4E58-9B91-C84795A473A7}"
EndProject
Project("{FAE04EC0-301F-11D3-BF4B-00C04F79EFBC}") = "HabitTracker.Tests", "HabitTracker.Tests\HabitTracker.Tests.csproj", "{00EBAB46-B0EF-4795-9DE5-60665178F5BB}"
EndProject
Project("{2150E333-8FDC-42A3-9474-1A3956D46DE8}") = "Solution Items", "Solution Items", "{57E97586-99A8-4088-9B0D-49B748CACA58}"
	ProjectSection(SolutionItems) = preProject
		.editorconfig = .editorconfig
		Directory.Build.props = Directory.Build.props
	EndProjectSection
EndProject
Project("{FAE04EC0-301F-11D3-BF4B-00C04F79EFBC}") = "HabitTracker.Console", "HabitTracker.Console\HabitTracker.Console.csproj", "{86AD4D7F-691A-4505-8ABD-4AF0815DE3F7}"
EndProject
Global
	GlobalSection(SolutionConfigurationPlatforms) = preSolution
		Debug|Any CPU = Debug|Any CPU
		Release|Any CPU = Release|Any CPU
	EndGlobalSection
	GlobalSection(ProjectConfigurationPlatforms) = postSolution
		{295EB0BF-9080-4216-B073-2870C7772291}.Debug|Any CPU.ActiveCfg = Debug|Any CPU
		{295EB0BF-9080-4216-B073-2870C7772291}.Debug|Any CPU.Build.0 = Debug|Any CPU
		{295EB0BF-9080-4216-B073-2870C7772291}.Release|Any CPU.ActiveCfg = Release|Any CPU
		{295EB0BF-9080-4216-B073-2870C7772291}.Release|Any CPU.Build.0 = Release|Any CPU
		{00EBAB46-B0EF-4795-9DE5-60665178F5BB}.Debug|Any CPU.ActiveCfg = Debug|Any CPU
		{00EBAB46-B0EF-4795-9DE5-60665178F5BB}.Debug|Any CPU.Build.0 = Debug|Any CPU
		{00EBAB46-B0EF-4795-9DE5-60665178F5BB}.Release|Any CPU.ActiveCfg = Release|Any CPU
		{00EBAB46-B0EF-4795-9DE5-60665178F5BB}.Release|Any CPU.Build.0 = Release|Any CPU
		{86AD4D7F-691A-4505-8ABD-4AF0815DE3F7}.Debug|Any CPU.ActiveCfg = Debug|Any CPU
		{86AD4D7F-691A-4505-8ABD-4AF0815DE3F7}.Debug|Any CPU.Build.0 = Debug|Any CPU
		{86AD4D7F-691A-4505-8ABD-4AF0815DE3F7}.Release|Any CPU.ActiveCfg = Release|Any CPU
		{86AD4D7F-691A-4505-8ABD-4AF0815DE3F7}.Release|Any CPU.Build.0 = Release|Any CPU
	EndGlobalSection
	GlobalSection(SolutionProperties) = preSolution
		HideSolutionNode = FALSE
	EndGlobalSection
	GlobalSection(NestedProjects) = preSolution
		{295EB0BF-9080-4216-B073-2870C7772291} = {F952EEC9-AE69-4E58-9B91-C84795A473A7}
		{00EBAB46-B0EF-4795-9DE5-60665178F5BB} = {F952EEC9-AE69-4E58-9B91-C84795A473A7}
		{86AD4D7F-691A-4505-8ABD-4AF0815DE3F7} = {F952EEC9-AE69-4E58-9B91-C84795A473A7}
	EndGlobalSection
EndGlobal
